
Microsoft Visual Studio Solution File, Format Version 12.00
# Visual Studio 15
VisualStudioVersion = 15.0.28307.168
MinimumVisualStudioVersion = 10.0.40219.1
Project("{9A19103F-16F7-4668-BE54-9A1E7A4F7556}") = "Contoso", "Contoso\Contoso.csproj", "{BDDD896A-BBD5-449F-8776-6B2E403D7C11}"
EndProject
Global
	GlobalSection(SolutionConfigurationPlatforms) = preSolution
		Debug|Any CPU = Debug|Any CPU
		Release|Any CPU = Release|Any CPU
	EndGlobalSection
	GlobalSection(ProjectConfigurationPlatforms) = postSolution
		{BDDD896A-BBD5-449F-8776-6B2E403D7C11}.Debug|Any CPU.ActiveCfg = Debug|Any CPU
		{BDDD896A-BBD5-449F-8776-6B2E403D7C11}.Debug|Any CPU.Build.0 = Debug|Any CPU
		{BDDD896A-BBD5-449F-8776-6B2E403D7C11}.Release|Any CPU.ActiveCfg = Release|Any CPU
		{BDDD896A-BBD5-449F-8776-6B2E403D7C11}.Release|Any CPU.Build.0 = Release|Any CPU
	EndGlobalSection
	GlobalSection(SolutionProperties) = preSolution
		HideSolutionNode = FALSE
	EndGlobalSection
	GlobalSection(ExtensibilityGlobals) = postSolution
		SolutionGuid = {30468DAF-CF25-4AFE-8AF4-B9564515B1B4}
	EndGlobalSection
EndGlobal
